PODS:
  - FlutterMacOS (1.0.0)
  - rl (0.0.1):
    - FlutterMacOS

DEPENDENCIES:
  - FlutterMacOS (from `Flutter/ephemeral`)
  - rl (from `Flutter/ephemeral/.symlinks/plugins/rl/macos`)

EXTERNAL SOURCES:
  FlutterMacOS:
    :path: Flutter/ephemeral
  rl:
    :path: Flutter/ephemeral/.symlinks/plugins/rl/macos

SPEC CHECKSUMS:
  FlutterMacOS: d0db08ddef1a9af05a5ec4b724367152bb0500b1
  rl: 69d6eabf6419ed6996b747c52a96e1d13bf3f7de

PODFILE CHECKSUM: 54d867c82ac51cbd61b565781b9fada492027009

COCOAPODS: 1.16.2
